
Microsoft Visual Studio Solution File, Format Version 12.00
# Visual Studio Version 17
VisualStudioVersion = 17.7.34024.191
MinimumVisualStudioVersion = 10.0.40219.1
Project("{FAE04EC0-301F-11D3-BF4B-00C04F79EFBC}") = "Type Object Pointer", "Type Object Pointer\Type Object Pointer.csproj", "{4A934B7C-A845-49E4-B82A-143549C61946}"
EndProject
Global
	GlobalSection(SolutionConfigurationPlatforms) = preSolution
		Debug|Any CPU = Debug|Any CPU
		Release|Any CPU = Release|Any CPU
	EndGlobalSection
	GlobalSection(ProjectConfigurationPlatforms) = postSolution
		{4A934B7C-A845-49E4-B82A-143549C61946}.Debug|Any CPU.ActiveCfg = Debug|Any CPU
		{4A934B7C-A845-49E4-B82A-143549C61946}.Debug|Any CPU.Build.0 = Debug|Any CPU
		{4A934B7C-A845-49E4-B82A-143549C61946}.Release|Any CPU.ActiveCfg = Release|Any CPU
		{4A934B7C-A845-49E4-B82A-143549C61946}.Release|Any CPU.Build.0 = Release|Any CPU
	EndGlobalSection
	GlobalSection(SolutionProperties) = preSolution
		HideSolutionNode = FALSE
	EndGlobalSection
	GlobalSection(ExtensibilityGlobals) = postSolution
		SolutionGuid = {89042A57-7B7B-4DE8-8B3B-170580C97147}
	EndGlobalSection
EndGlobal
